PODS:
  - Flutter (1.0.0)
  - flutter_dong_scan (0.0.4):
    - Flutter

DEPENDENCIES:
  - Flutter (from `Flutter`)
  - flutter_dong_scan (from `.symlinks/plugins/flutter_dong_scan/ios`)

EXTERNAL SOURCES:
  Flutter:
    :path: Flutter
  flutter_dong_scan:
    :path: ".symlinks/plugins/flutter_dong_scan/ios"

SPEC CHECKSUMS:
  Flutter: 0e3d915762c693b495b44d77113d4970485de6ec
  flutter_dong_scan: 7827f389ef824f9a8390b6e087cc94bf655852fe

PODFILE CHECKSUM: d32a3c6d518bc462b70211f68a03ef2f9ff3416d

COCOAPODS: 1.9.2
