PODS:
  - Flutter (1.0.0)
  - flutter_dong_scan (0.0.4):
    - Flutter

DEPENDENCIES:
  - Flutter (from `Flutter`)
  - flutter_dong_scan (from `.symlinks/plugins/flutter_dong_scan/ios`)

EXTERNAL SOURCES:
  Flutter:
    :path: Flutter
  flutter_dong_scan:
    :path: ".symlinks/plugins/flutter_dong_scan/ios"

SPEC CHECKSUMS:
  Flutter: 0e3d915762c693b495b44d77113d4970485de6ec
  flutter_dong_scan: d7270fdb49c05f3d2678e1faf98bebe48a67bb54

PODFILE CHECKSUM: a61b62337498ab5b0463a9868c8c1615b0e15d6c

COCOAPODS: 1.9.2
